
Microsoft Visual Studio Solution File, Format Version 12.00
# Visual Studio 15
VisualStudioVersion = 15.0.35026.233
MinimumVisualStudioVersion = 10.0.40219.1
Project("{FAE04EC0-301F-11D3-BF4B-00C04F79EFBC}") = "Task1", "Task1\Task1.csproj", "{C153517A-EBE8-4968-A0CE-28F2CA8E23B4}"
EndProject
Project("{930C7802-8A8C-48F9-8165-68863BCCD9DD}") = "Task1Wix", "Task1Wix\Task1Wix.wixproj", "{2D726058-D0E0-4755-8C0F-87F0079963DB}"
EndProject
Project("{FAE04EC0-301F-11D3-BF4B-00C04F79EFBC}") = "MathOperations", "MathOperations\MathOperations.csproj", "{2A30B7A2-466D-497F-A29E-98B4E687FA60}"
EndProject
Project("{C7167F0D-BC9F-4E6E-AFE1-012C56B48DB5}") = "Task1Universal", "Task1Universal\Task1Universal.wapproj", "{961DD8B0-9D7D-4ECC-A732-98F3F9916B58}"
EndProject
Project("{FAE04EC0-301F-11D3-BF4B-00C04F79EFBC}") = "InputValidationLibrary", "InputValidationLibrary\InputValidationLibrary.csproj", "{50D1EAEF-4654-43F9-B3D5-687878433439}"
EndProject
Global
	GlobalSection(SolutionConfigurationPlatforms) = preSolution
		Debug|Any CPU = Debug|Any CPU
		Debug|x64 = Debug|x64
		Debug|x86 = Debug|x86
		Release|Any CPU = Release|Any CPU
		Release|x64 = Release|x64
		Release|x86 = Release|x86
	EndGlobalSection
	GlobalSection(ProjectConfigurationPlatforms) = postSolution
		{C153517A-EBE8-4968-A0CE-28F2CA8E23B4}.Debug|Any CPU.ActiveCfg = Debug|Any CPU
		{C153517A-EBE8-4968-A0CE-28F2CA8E23B4}.Debug|Any CPU.Build.0 = Debug|Any CPU
		{C153517A-EBE8-4968-A0CE-28F2CA8E23B4}.Debug|x64.ActiveCfg = Debug|Any CPU
		{C153517A-EBE8-4968-A0CE-28F2CA8E23B4}.Debug|x64.Build.0 = Debug|Any CPU
		{C153517A-EBE8-4968-A0CE-28F2CA8E23B4}.Debug|x86.ActiveCfg = Debug|Any CPU
		{C153517A-EBE8-4968-A0CE-28F2CA8E23B4}.Debug|x86.Build.0 = Debug|Any CPU
		{C153517A-EBE8-4968-A0CE-28F2CA8E23B4}.Release|Any CPU.ActiveCfg = Release|Any CPU
		{C153517A-EBE8-4968-A0CE-28F2CA8E23B4}.Release|Any CPU.Build.0 = Release|Any CPU
		{C153517A-EBE8-4968-A0CE-28F2CA8E23B4}.Release|x64.ActiveCfg = Release|Any CPU
		{C153517A-EBE8-4968-A0CE-28F2CA8E23B4}.Release|x64.Build.0 = Release|Any CPU
		{C153517A-EBE8-4968-A0CE-28F2CA8E23B4}.Release|x86.ActiveCfg = Release|Any CPU
		{C153517A-EBE8-4968-A0CE-28F2CA8E23B4}.Release|x86.Build.0 = Release|Any CPU
		{2D726058-D0E0-4755-8C0F-87F0079963DB}.Debug|Any CPU.ActiveCfg = Debug|x86
		{2D726058-D0E0-4755-8C0F-87F0079963DB}.Debug|x64.ActiveCfg = Debug|x86
		{2D726058-D0E0-4755-8C0F-87F0079963DB}.Debug|x86.ActiveCfg = Debug|x86
		{2D726058-D0E0-4755-8C0F-87F0079963DB}.Debug|x86.Build.0 = Debug|x86
		{2D726058-D0E0-4755-8C0F-87F0079963DB}.Release|Any CPU.ActiveCfg = Release|x86
		{2D726058-D0E0-4755-8C0F-87F0079963DB}.Release|x64.ActiveCfg = Release|x86
		{2D726058-D0E0-4755-8C0F-87F0079963DB}.Release|x86.ActiveCfg = Release|x86
		{2D726058-D0E0-4755-8C0F-87F0079963DB}.Release|x86.Build.0 = Release|x86
		{2A30B7A2-466D-497F-A29E-98B4E687FA60}.Debug|Any CPU.ActiveCfg = Debug|Any CPU
		{2A30B7A2-466D-497F-A29E-98B4E687FA60}.Debug|Any CPU.Build.0 = Debug|Any CPU
		{2A30B7A2-466D-497F-A29E-98B4E687FA60}.Debug|x64.ActiveCfg = Debug|Any CPU
		{2A30B7A2-466D-497F-A29E-98B4E687FA60}.Debug|x64.Build.0 = Debug|Any CPU
		{2A30B7A2-466D-497F-A29E-98B4E687FA60}.Debug|x86.ActiveCfg = Debug|Any CPU
		{2A30B7A2-466D-497F-A29E-98B4E687FA60}.Debug|x86.Build.0 = Debug|Any CPU
		{2A30B7A2-466D-497F-A29E-98B4E687FA60}.Release|Any CPU.ActiveCfg = Release|Any CPU
		{2A30B7A2-466D-497F-A29E-98B4E687FA60}.Release|Any CPU.Build.0 = Release|Any CPU
		{2A30B7A2-466D-497F-A29E-98B4E687FA60}.Release|x64.ActiveCfg = Release|Any CPU
		{2A30B7A2-466D-497F-A29E-98B4E687FA60}.Release|x64.Build.0 = Release|Any CPU
		{2A30B7A2-466D-497F-A29E-98B4E687FA60}.Release|x86.ActiveCfg = Release|Any CPU
		{2A30B7A2-466D-497F-A29E-98B4E687FA60}.Release|x86.Build.0 = Release|Any CPU
		{961DD8B0-9D7D-4ECC-A732-98F3F9916B58}.Debug|Any CPU.ActiveCfg = Debug|Any CPU
		{961DD8B0-9D7D-4ECC-A732-98F3F9916B58}.Debug|Any CPU.Build.0 = Debug|Any CPU
		{961DD8B0-9D7D-4ECC-A732-98F3F9916B58}.Debug|Any CPU.Deploy.0 = Debug|Any CPU
		{961DD8B0-9D7D-4ECC-A732-98F3F9916B58}.Debug|x64.ActiveCfg = Debug|x64
		{961DD8B0-9D7D-4ECC-A732-98F3F9916B58}.Debug|x64.Build.0 = Debug|x64
		{961DD8B0-9D7D-4ECC-A732-98F3F9916B58}.Debug|x64.Deploy.0 = Debug|x64
		{961DD8B0-9D7D-4ECC-A732-98F3F9916B58}.Debug|x86.ActiveCfg = Debug|x86
		{961DD8B0-9D7D-4ECC-A732-98F3F9916B58}.Debug|x86.Build.0 = Debug|x86
		{961DD8B0-9D7D-4ECC-A732-98F3F9916B58}.Debug|x86.Deploy.0 = Debug|x86
		{961DD8B0-9D7D-4ECC-A732-98F3F9916B58}.Release|Any CPU.ActiveCfg = Release|Any CPU
		{961DD8B0-9D7D-4ECC-A732-98F3F9916B58}.Release|Any CPU.Build.0 = Release|Any CPU
		{961DD8B0-9D7D-4ECC-A732-98F3F9916B58}.Release|Any CPU.Deploy.0 = Release|Any CPU
		{961DD8B0-9D7D-4ECC-A732-98F3F9916B58}.Release|x64.ActiveCfg = Release|x64
		{961DD8B0-9D7D-4ECC-A732-98F3F9916B58}.Release|x64.Build.0 = Release|x64
		{961DD8B0-9D7D-4ECC-A732-98F3F9916B58}.Release|x64.Deploy.0 = Release|x64
		{961DD8B0-9D7D-4ECC-A732-98F3F9916B58}.Release|x86.ActiveCfg = Release|x86
		{961DD8B0-9D7D-4ECC-A732-98F3F9916B58}.Release|x86.Build.0 = Release|x86
		{961DD8B0-9D7D-4ECC-A732-98F3F9916B58}.Release|x86.Deploy.0 = Release|x86
		{50D1EAEF-4654-43F9-B3D5-687878433439}.Debug|Any CPU.ActiveCfg = Debug|Any CPU
		{50D1EAEF-4654-43F9-B3D5-687878433439}.Debug|Any CPU.Build.0 = Debug|Any CPU
		{50D1EAEF-4654-43F9-B3D5-687878433439}.Debug|x64.ActiveCfg = Debug|Any CPU
		{50D1EAEF-4654-43F9-B3D5-687878433439}.Debug|x64.Build.0 = Debug|Any CPU
		{50D1EAEF-4654-43F9-B3D5-687878433439}.Debug|x86.ActiveCfg = Debug|Any CPU
		{50D1EAEF-4654-43F9-B3D5-687878433439}.Debug|x86.Build.0 = Debug|Any CPU
		{50D1EAEF-4654-43F9-B3D5-687878433439}.Release|Any CPU.ActiveCfg = Release|Any CPU
		{50D1EAEF-4654-43F9-B3D5-687878433439}.Release|Any CPU.Build.0 = Release|Any CPU
		{50D1EAEF-4654-43F9-B3D5-687878433439}.Release|x64.ActiveCfg = Release|Any CPU
		{50D1EAEF-4654-43F9-B3D5-687878433439}.Release|x64.Build.0 = Release|Any CPU
		{50D1EAEF-4654-43F9-B3D5-687878433439}.Release|x86.ActiveCfg = Release|Any CPU
		{50D1EAEF-4654-43F9-B3D5-687878433439}.Release|x86.Build.0 = Release|Any CPU
	EndGlobalSection
	GlobalSection(SolutionProperties) = preSolution
		HideSolutionNode = FALSE
	EndGlobalSection
	GlobalSection(ExtensibilityGlobals) = postSolution
		SolutionGuid = {394FDB4B-468B-43D1-A1A5-2681AC5EFB9E}
	EndGlobalSection
EndGlobal
